<?xml version="1.0" encoding="utf-8"?>
<Project ToolsVersion="4.0" xmlns="http://schemas.microsoft.com/developer/msbuild/2003">
  <ItemGroup>
    <Filter Include="Source Files">
      <UniqueIdentifier>{4FC737F1-C7A5-4376-A066-2A32D752A2FF}</UniqueIdentifier>
      <Extensions>cpp;c;cc;cxx;def;odl;idl;hpj;bat;asm;asmx</Extensions>
    </Filter>
    <Filter Include="Header Files">
      <UniqueIdentifier>{93995380-89BD-4b04-88EB-625FBE52EBFB}</UniqueIdentifier>
      <Extensions>h;hh;hpp;hxx;hm;inl;inc;xsd</Extensions>
    </Filter>
    <Filter Include="Resource Files">
      <UniqueIdentifier>{67DA6AB6-F800-4c08-8B7A-83BB121AAD01}</UniqueIdentifier>
      <Extensions>rc;ico;cur;bmp;dlg;rc2;rct;bin;rgs;gif;jpg;jpeg;jpe;resx;tiff;tif;png;wav;mfcribbon-ms</Extensions>
    </Filter>
    <Filter Include="UnitTest">
      <UniqueIdentifier>{c242cf5e-8965-48bd-af24-5366e91ceecd}</UniqueIdentifier>
    </Filter>
    <Filter Include="Source Files\Character">
      <UniqueIdentifier>{5440b1eb-fb2b-4fc7-8144-0ebd202da6bd}</UniqueIdentifier>
    </Filter>
    <Filter Include="Source Files\FakedGlobals">
      <UniqueIdentifier>{9f29abb1-fcbc-4c90-a6b5-4ef5087b5348}</UniqueIdentifier>
    </Filter>
  </ItemGroup>
  <ItemGroup>
    <ClCompile Include="UnitTest\SmartPointer_UnitTest.cpp">
      <Filter>UnitTest</Filter>
    </ClCompile>
    <ClCompile Include="UnitTest\HeapManager_UnitTest.cpp">
      <Filter>UnitTest</Filter>
    </ClCompile>
    <ClCompile Include="UnitTest\Matrix_UnitTest.cpp">
      <Filter>UnitTest</Filter>
    </ClCompile>
    <ClCompile Include="UnitTest\Collision_UnitTest.cpp">
      <Filter>UnitTest</Filter>
    </ClCompile>
    <ClCompile Include="UnitTest\Matrix_StressUnitTest.cpp">
      <Filter>UnitTest</Filter>
    </ClCompile>
    <ClCompile Include="Character\BulletController.cpp">
      <Filter>Source Files\Character</Filter>
    </ClCompile>
    <ClCompile Include="Character\PlayerController.cpp">
      <Filter>Source Files\Character</Filter>
    </ClCompile>
    <ClCompile Include="FakedGlobals\GlobalVarWrapper.cpp">
      <Filter>Source Files\FakedGlobals</Filter>
    </ClCompile>
    <ClCompile Include="Character\AsteroidController.cpp">
      <Filter>Source Files\Character</Filter>
    </ClCompile>
    <ClCompile Include="Asteroid.cpp">
      <Filter>Source Files</Filter>
    </ClCompile>
  </ItemGroup>
  <ItemGroup>
    <ClInclude Include="UnitTest\HeapManager_UnitTest.h">
      <Filter>UnitTest</Filter>
    </ClInclude>
    <ClInclude Include="Character\PlayerController.h">
      <Filter>Source Files\Character</Filter>
    </ClInclude>
    <ClInclude Include="Character\BulletController.h">
      <Filter>Source Files\Character</Filter>
    </ClInclude>
    <ClInclude Include="FakedGlobals\GlobalVarWrapper.h">
      <Filter>Source Files\FakedGlobals</Filter>
    </ClInclude>
    <ClInclude Include="Character\AsteroidController.h">
      <Filter>Source Files\Character</Filter>
    </ClInclude>
  </ItemGroup>
</Project>